# This file is automatically @generated by Poetry 1.6.1 and should not be changed by hand.

[[package]]
name = "asgiref"
version = "3.7.2"
description = "ASGI specs, helper code, and adapters"
optional = false
python-versions = ">=3.7"
files = [
    {file = "asgiref-3.7.2-py3-none-any.whl", hash = "sha256:89b2ef2247e3b562a16eef663bc0e2e703ec6468e2fa8a5cd61cd449786d4f6e"},
    {file = "asgiref-3.7.2.tar.gz", hash = "sha256:9e0ce3aa93a819ba5b45120216b23878cf6e8525eb3848653452b4192b92afed"},
]

[package.dependencies]
typing-extensions = {version = ">=4", markers = "python_version < \"3.11\""}

[package.extras]
tests = ["mypy (>=0.800)", "pytest", "pytest-asyncio"]

[[package]]
name = "bleach"
version = "5.0.1"
description = "An easy safelist-based HTML-sanitizing tool."
optional = false
python-versions = ">=3.7"
files = [
    {file = "bleach-5.0.1-py3-none-any.whl", hash = "sha256:085f7f33c15bd408dd9b17a4ad77c577db66d76203e5984b1bd59baeee948b2a"},
    {file = "bleach-5.0.1.tar.gz", hash = "sha256:0d03255c47eb9bd2f26aa9bb7f2107732e7e8fe195ca2f64709fcf3b0a4a085c"},
]

[package.dependencies]
six = ">=1.9.0"
tinycss2 = {version = ">=1.1.0,<1.2", optional = true, markers = "extra == \"css\""}
webencodings = "*"

[package.extras]
css = ["tinycss2 (>=1.1.0,<1.2)"]
dev = ["Sphinx (==4.3.2)", "black (==22.3.0)", "build (==0.8.0)", "flake8 (==4.0.1)", "hashin (==0.17.0)", "mypy (==0.961)", "pip-tools (==6.6.2)", "pytest (==7.1.2)", "tox (==3.25.0)", "twine (==4.0.1)", "wheel (==0.37.1)"]

[[package]]
name = "django"
version = "4.2.5"
description = "A high-level Python web framework that encourages rapid development and clean, pragmatic design."
optional = false
python-versions = ">=3.8"
files = [
    {file = "Django-4.2.5-py3-none-any.whl", hash = "sha256:b6b2b5cae821077f137dc4dade696a1c2aa292f892eca28fa8d7bfdf2608ddd4"},
    {file = "Django-4.2.5.tar.gz", hash = "sha256:5e5c1c9548ffb7796b4a8a4782e9a2e5a3df3615259fc1bfd3ebc73b646146c1"},
]

[package.dependencies]
asgiref = ">=3.6.0,<4"
sqlparse = ">=0.3.1"
tzdata = {version = "*", markers = "sys_platform == \"win32\""}

[package.extras]
argon2 = ["argon2-cffi (>=19.1.0)"]
bcrypt = ["bcrypt"]

[[package]]
name = "django-bleach"
version = "3.1.0"
description = "Easily use bleach with Django models and templates"
optional = false
python-versions = ">=3.8"
files = [
    {file = "django-bleach-3.1.0.tar.gz", hash = "sha256:766405a32b877a5beb6b377ace0d8bbe2a7d4d6304f04542aa14fd74b14398a7"},
    {file = "django_bleach-3.1.0-py2.py3-none-any.whl", hash = "sha256:8d9117ca08c182ee20daaf99abbf800154db5cdbcb66ef1252dd7bb542dcf19d"},
]

[package.dependencies]
bleach = {version = ">=5,<6", extras = ["css"]}
Django = ">=3.2"

[[package]]
name = "django-debug-toolbar"
version = "4.2.0"
description = "A configurable set of panels that display various debug information about the current request/response."
optional = false
python-versions = ">=3.8"
files = [
    {file = "django_debug_toolbar-4.2.0-py3-none-any.whl", hash = "sha256:af99128c06e8e794479e65ab62cc6c7d1e74e1c19beb44dcbf9bad7a9c017327"},
    {file = "django_debug_toolbar-4.2.0.tar.gz", hash = "sha256:bc7fdaafafcdedefcc67a4a5ad9dac96efd6e41db15bc74d402a54a2ba4854dc"},
]

[package.dependencies]
django = ">=3.2.4"
sqlparse = ">=0.2"

[[package]]
name = "django-polymorphic"
version = "3.1.0"
description = "Seamless polymorphic inheritance for Django models"
optional = false
python-versions = "*"
files = [
    {file = "django-polymorphic-3.1.0.tar.gz", hash = "sha256:d6955b5308bf6e41dcb22ba7c96f00b51dfa497a8a5ab1e9c06c7951bf417bf8"},
    {file = "django_polymorphic-3.1.0-py3-none-any.whl", hash = "sha256:08bc4f4f4a773a19b2deced5a56deddd1ef56ebd15207bf4052e2901c25ef57e"},
]

[package.dependencies]
Django = ">=2.1"

[[package]]
name = "django-registration-redux"
version = "2.12"
description = "An extensible user-registration application for Django"
optional = false
python-versions = "*"
files = [
    {file = "django-registration-redux-2.12.tar.gz", hash = "sha256:2213bbe8732be72724034f4146f0255a7bd666eb5a5e1b2d8d8aa633fe8af894"},
    {file = "django_registration_redux-2.12-py2.py3-none-any.whl", hash = "sha256:56fbc7b01a7f0f48812fe4d4e0729d2dac916e16f8aaed36b3f10129f2df9d0f"},
]

[[package]]
name = "django-static-precompiler"
version = "2.4"
description = "Django template tags to compile all kinds of static files"
optional = false
python-versions = ">=3.6"
files = [
    {file = "django-static-precompiler-2.4.tar.gz", hash = "sha256:22c983f4318f4ad96645d8b71af5c29d4525e55d0d5c3abe8917310280c7f89e"},
    {file = "django_static_precompiler-2.4-py3-none-any.whl", hash = "sha256:5b67e951b19e1136f6bf00d879ae236435fe4be3e430369644743b1677645ce4"},
]

[package.dependencies]
Django = ">=2.0"

[package.extras]
libsass = ["libsass"]
watch = ["watchdog"]

[[package]]
name = "mysqlclient"
version = "2.2.0"
description = "Python interface to MySQL"
optional = false
python-versions = ">=3.8"
files = [
    {file = "mysqlclient-2.2.0-cp310-cp310-win_amd64.whl", hash = "sha256:68837b6bb23170acffb43ae411e47533a560b6360c06dac39aa55700972c93b2"},
    {file = "mysqlclient-2.2.0-cp311-cp311-win_amd64.whl", hash = "sha256:5670679ff1be1cc3fef0fa81bf39f0cd70605ba121141050f02743eb878ac114"},
    {file = "mysqlclient-2.2.0-cp38-cp38-win_amd64.whl", hash = "sha256:004fe1d30d2c2ff8072f8ea513bcec235fd9b896f70dad369461d0ad7e570e98"},
    {file = "mysqlclient-2.2.0-cp39-cp39-win_amd64.whl", hash = "sha256:9c6b142836c7dba4f723bf9c93cc46b6e5081d65b2af807f400dda9eb85a16d0"},
    {file = "mysqlclient-2.2.0-pp38-pypy38_pp73-win_amd64.whl", hash = "sha256:955dba905a7443ce4788c63fdb9f8d688316260cf60b20ff51ac3b1c77616ede"},
    {file = "mysqlclient-2.2.0-pp39-pypy39_pp73-win_amd64.whl", hash = "sha256:530ece9995a36cadb6211b9787f0c9e05cdab6702549bdb4236af5e9b535ed6a"},
    {file = "mysqlclient-2.2.0.tar.gz", hash = "sha256:04368445f9c487d8abb7a878e3d23e923e6072c04a6c320f9e0dc8a82efba14e"},
]

[[package]]
name = "pytz"
version = "2023.3.post1"
description = "World timezone definitions, modern and historical"
optional = false
python-versions = "*"
files = [
    {file = "pytz-2023.3.post1-py2.py3-none-any.whl", hash = "sha256:ce42d816b81b68506614c11e8937d3aa9e41007ceb50bfdcb0749b921bf646c7"},
    {file = "pytz-2023.3.post1.tar.gz", hash = "sha256:7b4fddbeb94a1eba4b557da24f19fdf9db575192544270a9101d8509f9f43d7b"},
]

[[package]]
name = "six"
version = "1.16.0"
description = "Python 2 and 3 compatibility utilities"
optional = false
python-versions = ">=2.7, !=3.0.*, !=3.1.*, !=3.2.*"
files = [
    {file = "six-1.16.0-py2.py3-none-any.whl", hash = "sha256:8abb2f1d86890a2dfb989f9a77cfcfd3e47c2a354b01111771326f8aa26e0254"},
    {file = "six-1.16.0.tar.gz", hash = "sha256:1e61c37477a1626458e36f7b1d82aa5c9b094fa4802892072e49de9c60c4c926"},
]

[[package]]
name = "sqlparse"
version = "0.4.4"
description = "A non-validating SQL parser."
optional = false
python-versions = ">=3.5"
files = [
    {file = "sqlparse-0.4.4-py3-none-any.whl", hash = "sha256:5430a4fe2ac7d0f93e66f1efc6e1338a41884b7ddf2a350cedd20ccc4d9d28f3"},
    {file = "sqlparse-0.4.4.tar.gz", hash = "sha256:d446183e84b8349fa3061f0fe7f06ca94ba65b426946ffebe6e3e8295332420c"},
]

[package.extras]
dev = ["build", "flake8"]
doc = ["sphinx"]
test = ["pytest", "pytest-cov"]

[[package]]
name = "tinycss2"
version = "1.1.1"
description = "A tiny CSS parser"
optional = false
python-versions = ">=3.6"
files = [
    {file = "tinycss2-1.1.1-py3-none-any.whl", hash = "sha256:fe794ceaadfe3cf3e686b22155d0da5780dd0e273471a51846d0a02bc204fec8"},
    {file = "tinycss2-1.1.1.tar.gz", hash = "sha256:b2e44dd8883c360c35dd0d1b5aad0b610e5156c2cb3b33434634e539ead9d8bf"},
]

[package.dependencies]
webencodings = ">=0.4"

[package.extras]
doc = ["sphinx", "sphinx_rtd_theme"]
test = ["coverage[toml]", "pytest", "pytest-cov", "pytest-flake8", "pytest-isort"]

[[package]]
name = "typing-extensions"
version = "4.7.1"
description = "Backported and Experimental Type Hints for Python 3.7+"
optional = false
python-versions = ">=3.7"
files = [
    {file = "typing_extensions-4.7.1-py3-none-any.whl", hash = "sha256:440d5dd3af93b060174bf433bccd69b0babc3b15b1a8dca43789fd7f61514b36"},
    {file = "typing_extensions-4.7.1.tar.gz", hash = "sha256:b75ddc264f0ba5615db7ba217daeb99701ad295353c45f9e95963337ceeeffb2"},
]

[[package]]
name = "tzdata"
version = "2023.3"
description = "Provider of IANA time zone data"
optional = false
python-versions = ">=2"
files = [
    {file = "tzdata-2023.3-py2.py3-none-any.whl", hash = "sha256:7e65763eef3120314099b6939b5546db7adce1e7d6f2e179e3df563c70511eda"},
    {file = "tzdata-2023.3.tar.gz", hash = "sha256:11ef1e08e54acb0d4f95bdb1be05da659673de4acbd21bf9c69e94cc5e907a3a"},
]

[[package]]
name = "webencodings"
version = "0.5.1"
description = "Character encoding aliases for legacy web content"
optional = false
python-versions = "*"
files = [
    {file = "webencodings-0.5.1-py2.py3-none-any.whl", hash = "sha256:a0af1213f3c2226497a97e2b3aa01a7e4bee4f403f95be16fc9acd2947514a78"},
    {file = "webencodings-0.5.1.tar.gz", hash = "sha256:b36a1c245f2d304965eb4e0a82848379241dc04b865afcc4aab16748587e1923"},
]

[metadata]
lock-version = "2.0"
python-versions = "^3.10"
content-hash = "d37fb4b4672f3dc5f7560e3c3c1eb138d1072ab0aff19861f51a15763d73a665"
